
Microsoft Visual Studio Solution File, Format Version 12.00
Project("{FAE04EC0-301F-11D3-BF4B-00C04F79EFBC}") = "EmergentDesign", "EmergentDesign\EmergentDesign.csproj", "{B6EFDF84-A714-4D92-B2EC-2036FCA89E5D}"
EndProject
Global
	GlobalSection(SolutionConfigurationPlatforms) = preSolution
		Debug|Any CPU = Debug|Any CPU
		Release|Any CPU = Release|Any CPU
	EndGlobalSection
	GlobalSection(ProjectConfigurationPlatforms) = postSolution
		{B6EFDF84-A714-4D92-B2EC-2036FCA89E5D}.Debug|Any CPU.ActiveCfg = Debug|Any CPU
		{B6EFDF84-A714-4D92-B2EC-2036FCA89E5D}.Debug|Any CPU.Build.0 = Debug|Any CPU
		{B6EFDF84-A714-4D92-B2EC-2036FCA89E5D}.Release|Any CPU.ActiveCfg = Release|Any CPU
		{B6EFDF84-A714-4D92-B2EC-2036FCA89E5D}.Release|Any CPU.Build.0 = Release|Any CPU
	EndGlobalSection
EndGlobal
